// !$*UTF8*$!
{
	archiveVersion = 1;
	classes = {
	};
	objectVersion = 46;
	objects = {

/* Begin PBXBuildFile section */
		5E9C73901EEFBD6600CFFB48 /* AppDelegate.swift in Sources */ = {isa = PBXBuildFile; fileRef = 5E9C738F1EEFBD6600CFFB48 /* AppDelegate.swift */; };
		5E9C73921EEFBD6600CFFB48 /* ViewController.swift in Sources */ = {isa = PBXBuildFile; fileRef = 5E9C73911EEFBD6600CFFB48 /* ViewController.swift */; };
		5E9C73951EEFBD6600CFFB48 /* Main.storyboard in Resources */ = {isa = PBXBuildFile; fileRef = 5E9C73931EEFBD6600CFFB48 /* Main.storyboard */; };
		5E9C73981EEFBD6600CFFB48 /* ToDoList.xcdatamodeld in Sources */ = {isa = PBXBuildFile; fileRef = 5E9C73961EEFBD6600CFFB48 /* ToDoList.xcdatamodeld */; };
		5E9C739A1EEFBD6600CFFB48 /* Assets.xcassets in Resources */ = {isa = PBXBuildFile; fileRef = 5E9C73991EEFBD6600CFFB48 /* Assets.xcassets */; };
		5E9C739D1EEFBD6600CFFB48 /* LaunchScreen.storyboard in Resources */ = {isa = PBXBuildFile; fileRef = 5E9C739B1EEFBD6600CFFB48 /* LaunchScreen.storyboard */; };
		5E9C73A81EEFBD6600CFFB48 /* ToDoListTests.swift in Sources */ = {isa = PBXBuildFile; fileRef = 5E9C73A71EEFBD6600CFFB48 /* ToDoListTests.swift */; };
		5E9C73B31EEFBD6600CFFB48 /* ToDoListUITests.swift in Sources */ = {isa = PBXBuildFile; fileRef = 5E9C73B21EEFBD6600CFFB48 /* ToDoListUITests.swift */; };
		5E9C73C11EEFBEAE00CFFB48 /* Contact.swift in Sources */ = {isa = PBXBuildFile; fileRef = 5E9C73C01EEFBEAE00CFFB48 /* Contact.swift */; };
		A25E7F3B1F0C1B2A005B9DF9 /* MyCustomTableViewCell.swift in Sources */ = {isa = PBXBuildFile; fileRef = A25E7F3A1F0C1B2A005B9DF9 /* MyCustomTableViewCell.swift */; };
		A25E7F5F1F13F3F6005B9DF9 /* olalaTableViewController.swift in Sources */ = {isa = PBXBuildFile; fileRef = A25E7F5E1F13F3F6005B9DF9 /* olalaTableViewController.swift */; };
		A2C2C1031F0829E4001DA6FC /* AddViewController.swift in Sources */ = {isa = PBXBuildFile; fileRef = A2C2C1021F0829E4001DA6FC /* AddViewController.swift */; };
		A2C2C1051F082EF2001DA6FC /* Tasks.swift in Sources */ = {isa = PBXBuildFile; fileRef = A2C2C1041F082EF2001DA6FC /* Tasks.swift */; };
/* End PBXBuildFile section */

/* Begin PBXContainerItemProxy section */
		5E9C73A41EEFBD6600CFFB48 /* PBXContainerItemProxy */ = {
			isa = PBXContainerItemProxy;
			containerPortal = 5E9C73841EEFBD6600CFFB48 /* Project object */;
			proxyType = 1;
			remoteGlobalIDString = 5E9C738B1EEFBD6600CFFB48;
			remoteInfo = ToDoList;
		};
		5E9C73AF1EEFBD6600CFFB48 /* PBXContainerItemProxy */ = {
			isa = PBXContainerItemProxy;
			containerPortal = 5E9C73841EEFBD6600CFFB48 /* Project object */;
			proxyType = 1;
			remoteGlobalIDString = 5E9C738B1EEFBD6600CFFB48;
			remoteInfo = ToDoList;
		};
/* End PBXContainerItemProxy section */

/* Begin PBXFileReference section */
		5E9C738C1EEFBD6600CFFB48 /* ToDoList.app */ = {isa = PBXFileReference; explicitFileType = wrapper.application; includeInIndex = 0; path = ToDoList.app; sourceTree = BUILT_PRODUCTS_DIR; };
		5E9C738F1EEFBD6600CFFB48 /* AppDelegate.swift */ = {isa = PBXFileReference; lastKnownFileType = sourcecode.swift; path = AppDelegate.swift; sourceTree = "<group>"; };
		5E9C73911EEFBD6600CFFB48 /* ViewController.swift */ = {isa = PBXFileReference; lastKnownFileType = sourcecode.swift; path = ViewController.swift; sourceTree = "<group>"; };
		5E9C73941EEFBD6600CFFB48 /* Base */ = {isa = PBXFileReference; lastKnownFileType = file.storyboard; name = Base; path = Base.lproj/Main.storyboard; sourceTree = "<group>"; };
		5E9C73971EEFBD6600CFFB48 /* ToDoList.xcdatamodel */ = {isa = PBXFileReference; lastKnownFileType = wrapper.xcdatamodel; path = ToDoList.xcdatamodel; sourceTree = "<group>"; };
		5E9C73991EEFBD6600CFFB48 /* Assets.xcassets */ = {isa = PBXFileReference; lastKnownFileType = folder.assetcatalog; path = Assets.xcassets; sourceTree = "<group>"; };
		5E9C739C1EEFBD6600CFFB48 /* Base */ = {isa = PBXFileReference; lastKnownFileType = file.storyboard; name = Base; path = Base.lproj/LaunchScreen.storyboard; sourceTree = "<group>"; };
		5E9C739E1EEFBD6600CFFB48 /* Info.plist */ = {isa = PBXFileReference; lastKnownFileType = text.plist.xml; path = Info.plist; sourceTree = "<group>"; };
		5E9C73A31EEFBD6600CFFB48 /* ToDoListTests.xctest */ = {isa = PBXFileReference; explicitFileType = wrapper.cfbundle; includeInIndex = 0; path = ToDoListTests.xctest; sourceTree = BUILT_PRODUCTS_DIR; };
		5E9C73A71EEFBD6600CFFB48 /* ToDoListTests.swift */ = {isa = PBXFileReference; lastKnownFileType = sourcecode.swift; path = ToDoListTests.swift; sourceTree = "<group>"; };
		5E9C73A91EEFBD6600CFFB48 /* Info.plist */ = {isa = PBXFileReference; lastKnownFileType = text.plist.xml; path = Info.plist; sourceTree = "<group>"; };
		5E9C73AE1EEFBD6600CFFB48 /* ToDoListUITests.xctest */ = {isa = PBXFileReference; explicitFileType = wrapper.cfbundle; includeInIndex = 0; path = ToDoListUITests.xctest; sourceTree = BUILT_PRODUCTS_DIR; };
		5E9C73B21EEFBD6600CFFB48 /* ToDoListUITests.swift */ = {isa = PBXFileReference; lastKnownFileType = sourcecode.swift; path = ToDoListUITests.swift; sourceTree = "<group>"; };
		5E9C73B41EEFBD6600CFFB48 /* Info.plist */ = {isa = PBXFileReference; lastKnownFileType = text.plist.xml; path = Info.plist; sourceTree = "<group>"; };
		5E9C73C01EEFBEAE00CFFB48 /* Contact.swift */ = {isa = PBXFileReference; fileEncoding = 4; lastKnownFileType = sourcecode.swift; path = Contact.swift; sourceTree = "<group>"; };
		A25E7F3A1F0C1B2A005B9DF9 /* MyCustomTableViewCell.swift */ = {isa = PBXFileReference; fileEncoding = 4; lastKnownFileType = sourcecode.swift; path = MyCustomTableViewCell.swift; sourceTree = "<group>"; };
		A25E7F5E1F13F3F6005B9DF9 /* olalaTableViewController.swift */ = {isa = PBXFileReference; fileEncoding = 4; lastKnownFileType = sourcecode.swift; path = olalaTableViewController.swift; sourceTree = "<group>"; };
		A2C2C1021F0829E4001DA6FC /* AddViewController.swift */ = {isa = PBXFileReference; fileEncoding = 4; lastKnownFileType = sourcecode.swift; path = AddViewController.swift; sourceTree = "<group>"; };
		A2C2C1041F082EF2001DA6FC /* Tasks.swift */ = {isa = PBXFileReference; fileEncoding = 4; lastKnownFileType = sourcecode.swift; path = Tasks.swift; sourceTree = "<group>"; };
/* End PBXFileReference section */

/* Begin PBXFrameworksBuildPhase section */
		5E9C73891EEFBD6600CFFB48 /* Frameworks */ = {
			isa = PBXFrameworksBuildPhase;
			buildActionMask = 2147483647;
			files = (
			);
			runOnlyForDeploymentPostprocessing = 0;
		};
		5E9C73A01EEFBD6600CFFB48 /* Frameworks */ = {
			isa = PBXFrameworksBuildPhase;
			buildActionMask = 2147483647;
			files = (
			);
			runOnlyForDeploymentPostprocessing = 0;
		};
		5E9C73AB1EEFBD6600CFFB48 /* Frameworks */ = {
			isa = PBXFrameworksBuildPhase;
			buildActionMask = 2147483647;
			files = (
			);
			runOnlyForDeploymentPostprocessing = 0;
		};
/* End PBXFrameworksBuildPhase section */

/* Begin PBXGroup section */
		5E9C73831EEFBD6600CFFB48 = {
			isa = PBXGroup;
			children = (
				5E9C738E1EEFBD6600CFFB48 /* ToDoList */,
				5E9C73A61EEFBD6600CFFB48 /* ToDoListTests */,
				5E9C73B11EEFBD6600CFFB48 /* ToDoListUITests */,
				5E9C738D1EEFBD6600CFFB48 /* Products */,
			);
			sourceTree = "<group>";
		};
		5E9C738D1EEFBD6600CFFB48 /* Products */ = {
			isa = PBXGroup;
			children = (
				5E9C738C1EEFBD6600CFFB48 /* ToDoList.app */,
				5E9C73A31EEFBD6600CFFB48 /* ToDoListTests.xctest */,
				5E9C73AE1EEFBD6600CFFB48 /* ToDoListUITests.xctest */,
			);
			name = Products;
			sourceTree = "<group>";
		};
		5E9C738E1EEFBD6600CFFB48 /* ToDoList */ = {
			isa = PBXGroup;
			children = (
				5E9C738F1EEFBD6600CFFB48 /* AppDelegate.swift */,
				5E9C73911EEFBD6600CFFB48 /* ViewController.swift */,
				A2C2C1021F0829E4001DA6FC /* AddViewController.swift */,
				5E9C73931EEFBD6600CFFB48 /* Main.storyboard */,
				5E9C73991EEFBD6600CFFB48 /* Assets.xcassets */,
				5E9C739B1EEFBD6600CFFB48 /* LaunchScreen.storyboard */,
				5E9C739E1EEFBD6600CFFB48 /* Info.plist */,
				5E9C73961EEFBD6600CFFB48 /* ToDoList.xcdatamodeld */,
				5E9C73C01EEFBEAE00CFFB48 /* Contact.swift */,
				A2C2C1041F082EF2001DA6FC /* Tasks.swift */,
				A25E7F3A1F0C1B2A005B9DF9 /* MyCustomTableViewCell.swift */,
				A25E7F5E1F13F3F6005B9DF9 /* olalaTableViewController.swift */,
			);
			path = ToDoList;
			sourceTree = "<group>";
		};
		5E9C73A61EEFBD6600CFFB48 /* ToDoListTests */ = {
			isa = PBXGroup;
			children = (
				5E9C73A71EEFBD6600CFFB48 /* ToDoListTests.swift */,
				5E9C73A91EEFBD6600CFFB48 /* Info.plist */,
			);
			path = ToDoListTests;
			sourceTree = "<group>";
		};
		5E9C73B11EEFBD6600CFFB48 /* ToDoListUITests */ = {
			isa = PBXGroup;
			children = (
				5E9C73B21EEFBD6600CFFB48 /* ToDoListUITests.swift */,
				5E9C73B41EEFBD6600CFFB48 /* Info.plist */,
			);
			path = ToDoListUITests;
			sourceTree = "<group>";
		};
/* End PBXGroup section */

/* Begin PBXNativeTarget section */
		5E9C738B1EEFBD6600CFFB48 /* ToDoList */ = {
			isa = PBXNativeTarget;
			buildConfigurationList = 5E9C73B71EEFBD6600CFFB48 /* Build configuration list for PBXNativeTarget "ToDoList" */;
			buildPhases = (
				5E9C73881EEFBD6600CFFB48 /* Sources */,
				5E9C73891EEFBD6600CFFB48 /* Frameworks */,
				5E9C738A1EEFBD6600CFFB48 /* Resources */,
			);
			buildRules = (
			);
			dependencies = (
			);
			name = ToDoList;
			productName = ToDoList;
			productReference = 5E9C738C1EEFBD6600CFFB48 /* ToDoList.app */;
			productType = "com.apple.product-type.application";
		};
		5E9C73A21EEFBD6600CFFB48 /* ToDoListTests */ = {
			isa = PBXNativeTarget;
			buildConfigurationList = 5E9C73BA1EEFBD6600CFFB48 /* Build configuration list for PBXNativeTarget "ToDoListTests" */;
			buildPhases = (
				5E9C739F1EEFBD6600CFFB48 /* Sources */,
				5E9C73A01EEFBD6600CFFB48 /* Frameworks */,
				5E9C73A11EEFBD6600CFFB48 /* Resources */,
			);
			buildRules = (
			);
			dependencies = (
				5E9C73A51EEFBD6600CFFB48 /* PBXTargetDependency */,
			);
			name = ToDoListTests;
			productName = ToDoListTests;
			productReference = 5E9C73A31EEFBD6600CFFB48 /* ToDoListTests.xctest */;
			productType = "com.apple.product-type.bundle.unit-test";
		};
		5E9C73AD1EEFBD6600CFFB48 /* ToDoListUITests */ = {
			isa = PBXNativeTarget;
			buildConfigurationList = 5E9C73BD1EEFBD6600CFFB48 /* Build configuration list for PBXNativeTarget "ToDoListUITests" */;
			buildPhases = (
				5E9C73AA1EEFBD6600CFFB48 /* Sources */,
				5E9C73AB1EEFBD6600CFFB48 /* Frameworks */,
				5E9C73AC1EEFBD6600CFFB48 /* Resources */,
			);
			buildRules = (
			);
			dependencies = (
				5E9C73B01EEFBD6600CFFB48 /* PBXTargetDependency */,
			);
			name = ToDoListUITests;
			productName = ToDoListUITests;
			productReference = 5E9C73AE1EEFBD6600CFFB48 /* ToDoListUITests.xctest */;
			productType = "com.apple.product-type.bundle.ui-testing";
		};
/* End PBXNativeTarget section */

/* Begin PBXProject section */
		5E9C73841EEFBD6600CFFB48 /* Project object */ = {
			isa = PBXProject;
			attributes = {
				LastSwiftUpdateCheck = 0830;
				LastUpgradeCheck = 0830;
				ORGANIZATIONNAME = "Kenes Inc.";
				TargetAttributes = {
					5E9C738B1EEFBD6600CFFB48 = {
						CreatedOnToolsVersion = 8.3.3;
						DevelopmentTeam = 3Y97H6LP36;
						ProvisioningStyle = Automatic;
					};
					5E9C73A21EEFBD6600CFFB48 = {
						CreatedOnToolsVersion = 8.3.3;
						DevelopmentTeam = 3Y97H6LP36;
						ProvisioningStyle = Automatic;
						TestTargetID = 5E9C738B1EEFBD6600CFFB48;
					};
					5E9C73AD1EEFBD6600CFFB48 = {
						CreatedOnToolsVersion = 8.3.3;
						DevelopmentTeam = 3Y97H6LP36;
						ProvisioningStyle = Automatic;
						TestTargetID = 5E9C738B1EEFBD6600CFFB48;
					};
				};
			};
			buildConfigurationList = 5E9C73871EEFBD6600CFFB48 /* Build configuration list for PBXProject "ToDoList" */;
			compatibilityVersion = "Xcode 3.2";
			developmentRegion = English;
			hasScannedForEncodings = 0;
			knownRegions = (
				en,
				Base,
			);
			mainGroup = 5E9C73831EEFBD6600CFFB48;
			productRefGroup = 5E9C738D1EEFBD6600CFFB48 /* Products */;
			projectDirPath = "";
			projectRoot = "";
			targets = (
				5E9C738B1EEFBD6600CFFB48 /* ToDoList */,
				5E9C73A21EEFBD6600CFFB48 /* ToDoListTests */,
				5E9C73AD1EEFBD6600CFFB48 /* ToDoListUITests */,
			);
		};
/* End PBXProject section */

/* Begin PBXResourcesBuildPhase section */
		5E9C738A1EEFBD6600CFFB48 /* Resources */ = {
			isa = PBXResourcesBuildPhase;
			buildActionMask = 2147483647;
			files = (
				5E9C739D1EEFBD6600CFFB48 /* LaunchScreen.storyboard in Resources */,
				5E9C739A1EEFBD6600CFFB48 /* Assets.xcassets in Resources */,
				5E9C73951EEFBD6600CFFB48 /* Main.storyboard in Resources */,
			);
			runOnlyForDeploymentPostprocessing = 0;
		};
		5E9C73A11EEFBD6600CFFB48 /* Resources */ = {
			isa = PBXResourcesBuildPhase;
			buildActionMask = 2147483647;
			files = (
			);
			runOnlyForDeploymentPostprocessing = 0;
		};
		5E9C73AC1EEFBD6600CFFB48 /* Resources */ = {
			isa = PBXResourcesBuildPhase;
			buildActionMask = 2147483647;
			files = (
			);
			runOnlyForDeploymentPostprocessing = 0;
		};
/* End PBXResourcesBuildPhase section */

/* Begin PBXSourcesBuildPhase section */
		5E9C73881EEFBD6600CFFB48 /* Sources */ = {
			isa = PBXSourcesBuildPhase;
			buildActionMask = 2147483647;
			files = (
				A2C2C1031F0829E4001DA6FC /* AddViewController.swift in Sources */,
				A25E7F5F1F13F3F6005B9DF9 /* olalaTableViewController.swift in Sources */,
				5E9C73C11EEFBEAE00CFFB48 /* Contact.swift in Sources */,
				5E9C73921EEFBD6600CFFB48 /* ViewController.swift in Sources */,
				5E9C73981EEFBD6600CFFB48 /* ToDoList.xcdatamodeld in Sources */,
				A2C2C1051F082EF2001DA6FC /* Tasks.swift in Sources */,
				A25E7F3B1F0C1B2A005B9DF9 /* MyCustomTableViewCell.swift in Sources */,
				5E9C73901EEFBD6600CFFB48 /* AppDelegate.swift in Sources */,
			);
			runOnlyForDeploymentPostprocessing = 0;
		};
		5E9C739F1EEFBD6600CFFB48 /* Sources */ = {
			isa = PBXSourcesBuildPhase;
			buildActionMask = 2147483647;
			files = (
				5E9C73A81EEFBD6600CFFB48 /* ToDoListTests.swift in Sources */,
			);
			runOnlyForDeploymentPostprocessing = 0;
		};
		5E9C73AA1EEFBD6600CFFB48 /* Sources */ = {
			isa = PBXSourcesBuildPhase;
			buildActionMask = 2147483647;
			files = (
				5E9C73B31EEFBD6600CFFB48 /* ToDoListUITests.swift in Sources */,
			);
			runOnlyForDeploymentPostprocessing = 0;
		};
/* End PBXSourcesBuildPhase section */

/* Begin PBXTargetDependency section */
		5E9C73A51EEFBD6600CFFB48 /* PBXTargetDependency */ = {
			isa = PBXTargetDependency;
			target = 5E9C738B1EEFBD6600CFFB48 /* ToDoList */;
			targetProxy = 5E9C73A41EEFBD6600CFFB48 /* PBXContainerItemProxy */;
		};
		5E9C73B01EEFBD6600CFFB48 /* PBXTargetDependency */ = {
			isa = PBXTargetDependency;
			target = 5E9C738B1EEFBD6600CFFB48 /* ToDoList */;
			targetProxy = 5E9C73AF1EEFBD6600CFFB48 /* PBXContainerItemProxy */;
		};
/* End PBXTargetDependency section */

/* Begin PBXVariantGroup section */
		5E9C73931EEFBD6600CFFB48 /* Main.storyboard */ = {
			isa = PBXVariantGroup;
			children = (
				5E9C73941EEFBD6600CFFB48 /* Base */,
			);
			name = Main.storyboard;
			sourceTree = "<group>";
		};
		5E9C739B1EEFBD6600CFFB48 /* LaunchScreen.storyboard */ = {
			isa = PBXVariantGroup;
			children = (
				5E9C739C1EEFBD6600CFFB48 /* Base */,
			);
			name = LaunchScreen.storyboard;
			sourceTree = "<group>";
		};
/* End PBXVariantGroup section */

/* Begin XCBuildConfiguration section */
		5E9C73B51EEFBD6600CFFB48 /* Debug */ = {
			isa = XCBuildConfiguration;
			buildSettings = {
				ALWAYS_SEARCH_USER_PATHS = NO;
				CLANG_ANALYZER_NONNULL = YES;
				CLANG_ANALYZER_NUMBER_OBJECT_CONVERSION = YES_AGGRESSIVE;
				CLANG_CXX_LANGUAGE_STANDARD = "gnu++0x";
				CLANG_CXX_LIBRARY = "libc++";
				CLANG_ENABLE_MODULES = YES;
				CLANG_ENABLE_OBJC_ARC = YES;
				CLANG_WARN_BOOL_CONVERSION = YES;
				CLANG_WARN_CONSTANT_CONVERSION = YES;
				CLANG_WARN_DIRECT_OBJC_ISA_USAGE = YES_ERROR;
				CLANG_WARN_DOCUMENTATION_COMMENTS = YES;
				CLANG_WARN_EMPTY_BODY = YES;
				CLANG_WARN_ENUM_CONVERSION = YES;
				CLANG_WARN_INFINITE_RECURSION = YES;
				CLANG_WARN_INT_CONVERSION = YES;
				CLANG_WARN_OBJC_ROOT_CLASS = YES_ERROR;
				CLANG_WARN_SUSPICIOUS_MOVE = YES;
				CLANG_WARN_UNREACHABLE_CODE = YES;
				CLANG_WARN__DUPLICATE_METHOD_MATCH = YES;
				"CODE_SIGN_IDENTITY[sdk=iphoneos*]" = "iPhone Developer";
				COPY_PHASE_STRIP = NO;
				DEBUG_INFORMATION_FORMAT = dwarf;
				ENABLE_STRICT_OBJC_MSGSEND = YES;
				ENABLE_TESTABILITY = YES;
				GCC_C_LANGUAGE_STANDARD = gnu99;
				GCC_DYNAMIC_NO_PIC = NO;
				GCC_NO_COMMON_BLOCKS = YES;
				GCC_OPTIMIZATION_LEVEL = 0;
				GCC_PREPROCESSOR_DEFINITIONS = (
					"DEBUG=1",
					"$(inherited)",
				);
				GCC_WARN_64_TO_32_BIT_CONVERSION = YES;
				GCC_WARN_ABOUT_RETURN_TYPE = YES_ERROR;
				GCC_WARN_UNDECLARED_SELECTOR = YES;
				GCC_WARN_UNINITIALIZED_AUTOS = YES_AGGRESSIVE;
				GCC_WARN_UNUSED_FUNCTION = YES;
				GCC_WARN_UNUSED_VARIABLE = YES;
				IPHONEOS_DEPLOYMENT_TARGET = 10.3;
				MTL_ENABLE_DEBUG_INFO = YES;
				ONLY_ACTIVE_ARCH = YES;
				SDKROOT = iphoneos;
				SWIFT_ACTIVE_COMPILATION_CONDITIONS = DEBUG;
				SWIFT_OPTIMIZATION_LEVEL = "-Onone";
				TARGETED_DEVICE_FAMILY = "1,2";
			};
			name = Debug;
		};
		5E9C73B61EEFBD6600CFFB48 /* Release */ = {
			isa = XCBuildConfiguration;
			buildSettings = {
				ALWAYS_SEARCH_USER_PATHS = NO;
				CLANG_ANALYZER_NONNULL = YES;
				CLANG_ANALYZER_NUMBER_OBJECT_CONVERSION = YES_AGGRESSIVE;
				CLANG_CXX_LANGUAGE_STANDARD = "gnu++0x";
				CLANG_CXX_LIBRARY = "libc++";
				CLANG_ENABLE_MODULES = YES;
				CLANG_ENABLE_OBJC_ARC = YES;
				CLANG_WARN_BOOL_CONVERSION = YES;
				CLANG_WARN_CONSTANT_CONVERSION = YES;
				CLANG_WARN_DIRECT_OBJC_ISA_USAGE = YES_ERROR;
				CLANG_WARN_DOCUMENTATION_COMMENTS = YES;
				CLANG_WARN_EMPTY_BODY = YES;
				CLANG_WARN_ENUM_CONVERSION = YES;
				CLANG_WARN_INFINITE_RECURSION = YES;
				CLANG_WARN_INT_CONVERSION = YES;
				CLANG_WARN_OBJC_ROOT_CLASS = YES_ERROR;
				CLANG_WARN_SUSPICIOUS_MOVE = YES;
				CLANG_WARN_UNREACHABLE_CODE = YES;
				CLANG_WARN__DUPLICATE_METHOD_MATCH = YES;
				"CODE_SIGN_IDENTITY[sdk=iphoneos*]" = "iPhone Developer";
				COPY_PHASE_STRIP = NO;
				DEBUG_INFORMATION_FORMAT = "dwarf-with-dsym";
				ENABLE_NS_ASSERTIONS = NO;
				ENABLE_STRICT_OBJC_MSGSEND = YES;
				GCC_C_LANGUAGE_STANDARD = gnu99;
				GCC_NO_COMMON_BLOCKS = YES;
				GCC_WARN_64_TO_32_BIT_CONVERSION = YES;
				GCC_WARN_ABOUT_RETURN_TYPE = YES_ERROR;
				GCC_WARN_UNDECLARED_SELECTOR = YES;
				GCC_WARN_UNINITIALIZED_AUTOS = YES_AGGRESSIVE;
				GCC_WARN_UNUSED_FUNCTION = YES;
				GCC_WARN_UNUSED_VARIABLE = YES;
				IPHONEOS_DEPLOYMENT_TARGET = 10.3;
				MTL_ENABLE_DEBUG_INFO = NO;
				SDKROOT = iphoneos;
				SWIFT_OPTIMIZATION_LEVEL = "-Owholemodule";
				TARGETED_DEVICE_FAMILY = "1,2";
				VALIDATE_PRODUCT = YES;
			};
			name = Release;
		};
		5E9C73B81EEFBD6600CFFB48 /* Debug */ = {
			isa = XCBuildConfiguration;
			buildSettings = {
				ASSETCATALOG_COMPILER_APPICON_NAME = AppIcon;
				DEVELOPMENT_TEAM = 3Y97H6LP36;
				INFOPLIST_FILE = ToDoList/Info.plist;
				LD_RUNPATH_SEARCH_PATHS = "$(inherited) @executable_path/Frameworks";
				PRODUCT_BUNDLE_IDENTIFIER = Kenes.ToDoList;
				PRODUCT_NAME = "$(TARGET_NAME)";
				SWIFT_VERSION = 3.0;
			};
			name = Debug;
		};
		5E9C73B91EEFBD6600CFFB48 /* Release */ = {
			isa = XCBuildConfiguration;
			buildSettings = {
				ASSETCATALOG_COMPILER_APPICON_NAME = AppIcon;
				DEVELOPMENT_TEAM = 3Y97H6LP36;
				INFOPLIST_FILE = ToDoList/Info.plist;
				LD_RUNPATH_SEARCH_PATHS = "$(inherited) @executable_path/Frameworks";
				PRODUCT_BUNDLE_IDENTIFIER = Kenes.ToDoList;
				PRODUCT_NAME = "$(TARGET_NAME)";
				SWIFT_VERSION = 3.0;
			};
			name = Release;
		};
		5E9C73BB1EEFBD6600CFFB48 /* Debug */ = {
			isa = XCBuildConfiguration;
			buildSettings = {
				ALWAYS_EMBED_SWIFT_STANDARD_LIBRARIES = YES;
				BUNDLE_LOADER = "$(TEST_HOST)";
				DEVELOPMENT_TEAM = 3Y97H6LP36;
				INFOPLIST_FILE = ToDoListTests/Info.plist;
				LD_RUNPATH_SEARCH_PATHS = "$(inherited) @executable_path/Frameworks @loader_path/Frameworks";
				PRODUCT_BUNDLE_IDENTIFIER = Kenes.ToDoListTests;
				PRODUCT_NAME = "$(TARGET_NAME)";
				SWIFT_VERSION = 3.0;
				TEST_HOST = "$(BUILT_PRODUCTS_DIR)/ToDoList.app/ToDoList";
			};
			name = Debug;
		};
		5E9C73BC1EEFBD6600CFFB48 /* Release */ = {
			isa = XCBuildConfiguration;
			buildSettings = {
				ALWAYS_EMBED_SWIFT_STANDARD_LIBRARIES = YES;
				BUNDLE_LOADER = "$(TEST_HOST)";
				DEVELOPMENT_TEAM = 3Y97H6LP36;
				INFOPLIST_FILE = ToDoListTests/Info.plist;
				LD_RUNPATH_SEARCH_PATHS = "$(inherited) @executable_path/Frameworks @loader_path/Frameworks";
				PRODUCT_BUNDLE_IDENTIFIER = Kenes.ToDoListTests;
				PRODUCT_NAME = "$(TARGET_NAME)";
				SWIFT_VERSION = 3.0;
				TEST_HOST = "$(BUILT_PRODUCTS_DIR)/ToDoList.app/ToDoList";
			};
			name = Release;
		};
		5E9C73BE1EEFBD6600CFFB48 /* Debug */ = {
			isa = XCBuildConfiguration;
			buildSettings = {
				ALWAYS_EMBED_SWIFT_STANDARD_LIBRARIES = YES;
				DEVELOPMENT_TEAM = 3Y97H6LP36;
				INFOPLIST_FILE = ToDoListUITests/Info.plist;
				LD_RUNPATH_SEARCH_PATHS = "$(inherited) @executable_path/Frameworks @loader_path/Frameworks";
				PRODUCT_BUNDLE_IDENTIFIER = Kenes.ToDoListUITests;
				PRODUCT_NAME = "$(TARGET_NAME)";
				SWIFT_VERSION = 3.0;
				TEST_TARGET_NAME = ToDoList;
			};
			name = Debug;
		};
		5E9C73BF1EEFBD6600CFFB48 /* Release */ = {
			isa = XCBuildConfiguration;
			buildSettings = {
				ALWAYS_EMBED_SWIFT_STANDARD_LIBRARIES = YES;
				DEVELOPMENT_TEAM = 3Y97H6LP36;
				INFOPLIST_FILE = ToDoListUITests/Info.plist;
				LD_RUNPATH_SEARCH_PATHS = "$(inherited) @executable_path/Frameworks @loader_path/Frameworks";
				PRODUCT_BUNDLE_IDENTIFIER = Kenes.ToDoListUITests;
				PRODUCT_NAME = "$(TARGET_NAME)";
				SWIFT_VERSION = 3.0;
				TEST_TARGET_NAME = ToDoList;
			};
			name = Release;
		};
/* End XCBuildConfiguration section */

/* Begin XCConfigurationList section */
		5E9C73871EEFBD6600CFFB48 /* Build configuration list for PBXProject "ToDoList" */ = {
			isa = XCConfigurationList;
			buildConfigurations = (
				5E9C73B51EEFBD6600CFFB48 /* Debug */,
				5E9C73B61EEFBD6600CFFB48 /* Release */,
			);
			defaultConfigurationIsVisible = 0;
			defaultConfigurationName = Release;
		};
		5E9C73B71EEFBD6600CFFB48 /* Build configuration list for PBXNativeTarget "ToDoList" */ = {
			isa = XCConfigurationList;
			buildConfigurations = (
				5E9C73B81EEFBD6600CFFB48 /* Debug */,
				5E9C73B91EEFBD6600CFFB48 /* Release */,
			);
			defaultConfigurationIsVisible = 0;
			defaultConfigurationName = Release;
		};
		5E9C73BA1EEFBD6600CFFB48 /* Build configuration list for PBXNativeTarget "ToDoListTests" */ = {
			isa = XCConfigurationList;
			buildConfigurations = (
				5E9C73BB1EEFBD6600CFFB48 /* Debug */,
				5E9C73BC1EEFBD6600CFFB48 /* Release */,
			);
			defaultConfigurationIsVisible = 0;
			defaultConfigurationName = Release;
		};
		5E9C73BD1EEFBD6600CFFB48 /* Build configuration list for PBXNativeTarget "ToDoListUITests" */ = {
			isa = XCConfigurationList;
			buildConfigurations = (
				5E9C73BE1EEFBD6600CFFB48 /* Debug */,
				5E9C73BF1EEFBD6600CFFB48 /* Release */,
			);
			defaultConfigurationIsVisible = 0;
			defaultConfigurationName = Release;
		};
/* End XCConfigurationList section */

/* Begin XCVersionGroup section */
		5E9C73961EEFBD6600CFFB48 /* ToDoList.xcdatamodeld */ = {
			isa = XCVersionGroup;
			children = (
				5E9C73971EEFBD6600CFFB48 /* ToDoList.xcdatamodel */,
			);
			currentVersion = 5E9C73971EEFBD6600CFFB48 /* ToDoList.xcdatamodel */;
			path = ToDoList.xcdatamodeld;
			sourceTree = "<group>";
			versionGroupType = wrapper.xcdatamodel;
		};
/* End XCVersionGroup section */
	};
	rootObject = 5E9C73841EEFBD6600CFFB48 /* Project object */;
}
