// !$*UTF8*$!
{
	archiveVersion = 1;
	classes = {
	};
	objectVersion = 46;
	objects = {

/* Begin PBXBuildFile section */
		5E072E661EEE50A100C4166F /* AppDelegate.swift in Sources */ = {isa = PBXBuildFile; fileRef = 5E072E651EEE50A100C4166F /* AppDelegate.swift */; };
		5E072E681EEE50A100C4166F /* ViewController.swift in Sources */ = {isa = PBXBuildFile; fileRef = 5E072E671EEE50A100C4166F /* ViewController.swift */; };
		5E072E6B1EEE50A100C4166F /* Main.storyboard in Resources */ = {isa = PBXBuildFile; fileRef = 5E072E691EEE50A100C4166F /* Main.storyboard */; };
		5E072E6E1EEE50A100C4166F /* UserDefaults.xcdatamodeld in Sources */ = {isa = PBXBuildFile; fileRef = 5E072E6C1EEE50A100C4166F /* UserDefaults.xcdatamodeld */; };
		5E072E701EEE50A100C4166F /* Assets.xcassets in Resources */ = {isa = PBXBuildFile; fileRef = 5E072E6F1EEE50A100C4166F /* Assets.xcassets */; };
		5E072E731EEE50A100C4166F /* LaunchScreen.storyboard in Resources */ = {isa = PBXBuildFile; fileRef = 5E072E711EEE50A100C4166F /* LaunchScreen.storyboard */; };
		5E072E7E1EEE50A100C4166F /* UserDefaultsTests.swift in Sources */ = {isa = PBXBuildFile; fileRef = 5E072E7D1EEE50A100C4166F /* UserDefaultsTests.swift */; };
		5E072E891EEE50A100C4166F /* UserDefaultsUITests.swift in Sources */ = {isa = PBXBuildFile; fileRef = 5E072E881EEE50A100C4166F /* UserDefaultsUITests.swift */; };
		5E072E971EEE50ED00C4166F /* Singleton.swift in Sources */ = {isa = PBXBuildFile; fileRef = 5E072E961EEE50ED00C4166F /* Singleton.swift */; };
/* End PBXBuildFile section */

/* Begin PBXContainerItemProxy section */
		5E072E7A1EEE50A100C4166F /* PBXContainerItemProxy */ = {
			isa = PBXContainerItemProxy;
			containerPortal = 5E072E5A1EEE50A100C4166F /* Project object */;
			proxyType = 1;
			remoteGlobalIDString = 5E072E611EEE50A100C4166F;
			remoteInfo = UserDefaults;
		};
		5E072E851EEE50A100C4166F /* PBXContainerItemProxy */ = {
			isa = PBXContainerItemProxy;
			containerPortal = 5E072E5A1EEE50A100C4166F /* Project object */;
			proxyType = 1;
			remoteGlobalIDString = 5E072E611EEE50A100C4166F;
			remoteInfo = UserDefaults;
		};
/* End PBXContainerItemProxy section */

/* Begin PBXFileReference section */
		5E072E621EEE50A100C4166F /* UserDefaults.app */ = {isa = PBXFileReference; explicitFileType = wrapper.application; includeInIndex = 0; path = UserDefaults.app; sourceTree = BUILT_PRODUCTS_DIR; };
		5E072E651EEE50A100C4166F /* AppDelegate.swift */ = {isa = PBXFileReference; lastKnownFileType = sourcecode.swift; path = AppDelegate.swift; sourceTree = "<group>"; };
		5E072E671EEE50A100C4166F /* ViewController.swift */ = {isa = PBXFileReference; lastKnownFileType = sourcecode.swift; path = ViewController.swift; sourceTree = "<group>"; };
		5E072E6A1EEE50A100C4166F /* Base */ = {isa = PBXFileReference; lastKnownFileType = file.storyboard; name = Base; path = Base.lproj/Main.storyboard; sourceTree = "<group>"; };
		5E072E6D1EEE50A100C4166F /* UserDefaults.xcdatamodel */ = {isa = PBXFileReference; lastKnownFileType = wrapper.xcdatamodel; path = UserDefaults.xcdatamodel; sourceTree = "<group>"; };
		5E072E6F1EEE50A100C4166F /* Assets.xcassets */ = {isa = PBXFileReference; lastKnownFileType = folder.assetcatalog; path = Assets.xcassets; sourceTree = "<group>"; };
		5E072E721EEE50A100C4166F /* Base */ = {isa = PBXFileReference; lastKnownFileType = file.storyboard; name = Base; path = Base.lproj/LaunchScreen.storyboard; sourceTree = "<group>"; };
		5E072E741EEE50A100C4166F /* Info.plist */ = {isa = PBXFileReference; lastKnownFileType = text.plist.xml; path = Info.plist; sourceTree = "<group>"; };
		5E072E791EEE50A100C4166F /* UserDefaultsTests.xctest */ = {isa = PBXFileReference; explicitFileType = wrapper.cfbundle; includeInIndex = 0; path = UserDefaultsTests.xctest; sourceTree = BUILT_PRODUCTS_DIR; };
		5E072E7D1EEE50A100C4166F /* UserDefaultsTests.swift */ = {isa = PBXFileReference; lastKnownFileType = sourcecode.swift; path = UserDefaultsTests.swift; sourceTree = "<group>"; };
		5E072E7F1EEE50A100C4166F /* Info.plist */ = {isa = PBXFileReference; lastKnownFileType = text.plist.xml; path = Info.plist; sourceTree = "<group>"; };
		5E072E841EEE50A100C4166F /* UserDefaultsUITests.xctest */ = {isa = PBXFileReference; explicitFileType = wrapper.cfbundle; includeInIndex = 0; path = UserDefaultsUITests.xctest; sourceTree = BUILT_PRODUCTS_DIR; };
		5E072E881EEE50A100C4166F /* UserDefaultsUITests.swift */ = {isa = PBXFileReference; lastKnownFileType = sourcecode.swift; path = UserDefaultsUITests.swift; sourceTree = "<group>"; };
		5E072E8A1EEE50A100C4166F /* Info.plist */ = {isa = PBXFileReference; lastKnownFileType = text.plist.xml; path = Info.plist; sourceTree = "<group>"; };
		5E072E961EEE50ED00C4166F /* Singleton.swift */ = {isa = PBXFileReference; fileEncoding = 4; lastKnownFileType = sourcecode.swift; path = Singleton.swift; sourceTree = "<group>"; };
/* End PBXFileReference section */

/* Begin PBXFrameworksBuildPhase section */
		5E072E5F1EEE50A100C4166F /* Frameworks */ = {
			isa = PBXFrameworksBuildPhase;
			buildActionMask = 2147483647;
			files = (
			);
			runOnlyForDeploymentPostprocessing = 0;
		};
		5E072E761EEE50A100C4166F /* Frameworks */ = {
			isa = PBXFrameworksBuildPhase;
			buildActionMask = 2147483647;
			files = (
			);
			runOnlyForDeploymentPostprocessing = 0;
		};
		5E072E811EEE50A100C4166F /* Frameworks */ = {
			isa = PBXFrameworksBuildPhase;
			buildActionMask = 2147483647;
			files = (
			);
			runOnlyForDeploymentPostprocessing = 0;
		};
/* End PBXFrameworksBuildPhase section */

/* Begin PBXGroup section */
		5E072E591EEE50A100C4166F = {
			isa = PBXGroup;
			children = (
				5E072E641EEE50A100C4166F /* UserDefaults */,
				5E072E7C1EEE50A100C4166F /* UserDefaultsTests */,
				5E072E871EEE50A100C4166F /* UserDefaultsUITests */,
				5E072E631EEE50A100C4166F /* Products */,
			);
			sourceTree = "<group>";
		};
		5E072E631EEE50A100C4166F /* Products */ = {
			isa = PBXGroup;
			children = (
				5E072E621EEE50A100C4166F /* UserDefaults.app */,
				5E072E791EEE50A100C4166F /* UserDefaultsTests.xctest */,
				5E072E841EEE50A100C4166F /* UserDefaultsUITests.xctest */,
			);
			name = Products;
			sourceTree = "<group>";
		};
		5E072E641EEE50A100C4166F /* UserDefaults */ = {
			isa = PBXGroup;
			children = (
				5E072E651EEE50A100C4166F /* AppDelegate.swift */,
				5E072E671EEE50A100C4166F /* ViewController.swift */,
				5E072E691EEE50A100C4166F /* Main.storyboard */,
				5E072E6F1EEE50A100C4166F /* Assets.xcassets */,
				5E072E711EEE50A100C4166F /* LaunchScreen.storyboard */,
				5E072E741EEE50A100C4166F /* Info.plist */,
				5E072E6C1EEE50A100C4166F /* UserDefaults.xcdatamodeld */,
				5E072E961EEE50ED00C4166F /* Singleton.swift */,
			);
			path = UserDefaults;
			sourceTree = "<group>";
		};
		5E072E7C1EEE50A100C4166F /* UserDefaultsTests */ = {
			isa = PBXGroup;
			children = (
				5E072E7D1EEE50A100C4166F /* UserDefaultsTests.swift */,
				5E072E7F1EEE50A100C4166F /* Info.plist */,
			);
			path = UserDefaultsTests;
			sourceTree = "<group>";
		};
		5E072E871EEE50A100C4166F /* UserDefaultsUITests */ = {
			isa = PBXGroup;
			children = (
				5E072E881EEE50A100C4166F /* UserDefaultsUITests.swift */,
				5E072E8A1EEE50A100C4166F /* Info.plist */,
			);
			path = UserDefaultsUITests;
			sourceTree = "<group>";
		};
/* End PBXGroup section */

/* Begin PBXNativeTarget section */
		5E072E611EEE50A100C4166F /* UserDefaults */ = {
			isa = PBXNativeTarget;
			buildConfigurationList = 5E072E8D1EEE50A100C4166F /* Build configuration list for PBXNativeTarget "UserDefaults" */;
			buildPhases = (
				5E072E5E1EEE50A100C4166F /* Sources */,
				5E072E5F1EEE50A100C4166F /* Frameworks */,
				5E072E601EEE50A100C4166F /* Resources */,
			);
			buildRules = (
			);
			dependencies = (
			);
			name = UserDefaults;
			productName = UserDefaults;
			productReference = 5E072E621EEE50A100C4166F /* UserDefaults.app */;
			productType = "com.apple.product-type.application";
		};
		5E072E781EEE50A100C4166F /* UserDefaultsTests */ = {
			isa = PBXNativeTarget;
			buildConfigurationList = 5E072E901EEE50A100C4166F /* Build configuration list for PBXNativeTarget "UserDefaultsTests" */;
			buildPhases = (
				5E072E751EEE50A100C4166F /* Sources */,
				5E072E761EEE50A100C4166F /* Frameworks */,
				5E072E771EEE50A100C4166F /* Resources */,
			);
			buildRules = (
			);
			dependencies = (
				5E072E7B1EEE50A100C4166F /* PBXTargetDependency */,
			);
			name = UserDefaultsTests;
			productName = UserDefaultsTests;
			productReference = 5E072E791EEE50A100C4166F /* UserDefaultsTests.xctest */;
			productType = "com.apple.product-type.bundle.unit-test";
		};
		5E072E831EEE50A100C4166F /* UserDefaultsUITests */ = {
			isa = PBXNativeTarget;
			buildConfigurationList = 5E072E931EEE50A100C4166F /* Build configuration list for PBXNativeTarget "UserDefaultsUITests" */;
			buildPhases = (
				5E072E801EEE50A100C4166F /* Sources */,
				5E072E811EEE50A100C4166F /* Frameworks */,
				5E072E821EEE50A100C4166F /* Resources */,
			);
			buildRules = (
			);
			dependencies = (
				5E072E861EEE50A100C4166F /* PBXTargetDependency */,
			);
			name = UserDefaultsUITests;
			productName = UserDefaultsUITests;
			productReference = 5E072E841EEE50A100C4166F /* UserDefaultsUITests.xctest */;
			productType = "com.apple.product-type.bundle.ui-testing";
		};
/* End PBXNativeTarget section */

/* Begin PBXProject section */
		5E072E5A1EEE50A100C4166F /* Project object */ = {
			isa = PBXProject;
			attributes = {
				LastSwiftUpdateCheck = 0830;
				LastUpgradeCheck = 0830;
				ORGANIZATIONNAME = "Kenes Inc.";
				TargetAttributes = {
					5E072E611EEE50A100C4166F = {
						CreatedOnToolsVersion = 8.3.3;
						DevelopmentTeam = 3Y97H6LP36;
						ProvisioningStyle = Automatic;
					};
					5E072E781EEE50A100C4166F = {
						CreatedOnToolsVersion = 8.3.3;
						DevelopmentTeam = 3Y97H6LP36;
						ProvisioningStyle = Automatic;
						TestTargetID = 5E072E611EEE50A100C4166F;
					};
					5E072E831EEE50A100C4166F = {
						CreatedOnToolsVersion = 8.3.3;
						DevelopmentTeam = 3Y97H6LP36;
						ProvisioningStyle = Automatic;
						TestTargetID = 5E072E611EEE50A100C4166F;
					};
				};
			};
			buildConfigurationList = 5E072E5D1EEE50A100C4166F /* Build configuration list for PBXProject "UserDefaults" */;
			compatibilityVersion = "Xcode 3.2";
			developmentRegion = English;
			hasScannedForEncodings = 0;
			knownRegions = (
				en,
				Base,
			);
			mainGroup = 5E072E591EEE50A100C4166F;
			productRefGroup = 5E072E631EEE50A100C4166F /* Products */;
			projectDirPath = "";
			projectRoot = "";
			targets = (
				5E072E611EEE50A100C4166F /* UserDefaults */,
				5E072E781EEE50A100C4166F /* UserDefaultsTests */,
				5E072E831EEE50A100C4166F /* UserDefaultsUITests */,
			);
		};
/* End PBXProject section */

/* Begin PBXResourcesBuildPhase section */
		5E072E601EEE50A100C4166F /* Resources */ = {
			isa = PBXResourcesBuildPhase;
			buildActionMask = 2147483647;
			files = (
				5E072E731EEE50A100C4166F /* LaunchScreen.storyboard in Resources */,
				5E072E701EEE50A100C4166F /* Assets.xcassets in Resources */,
				5E072E6B1EEE50A100C4166F /* Main.storyboard in Resources */,
			);
			runOnlyForDeploymentPostprocessing = 0;
		};
		5E072E771EEE50A100C4166F /* Resources */ = {
			isa = PBXResourcesBuildPhase;
			buildActionMask = 2147483647;
			files = (
			);
			runOnlyForDeploymentPostprocessing = 0;
		};
		5E072E821EEE50A100C4166F /* Resources */ = {
			isa = PBXResourcesBuildPhase;
			buildActionMask = 2147483647;
			files = (
			);
			runOnlyForDeploymentPostprocessing = 0;
		};
/* End PBXResourcesBuildPhase section */

/* Begin PBXSourcesBuildPhase section */
		5E072E5E1EEE50A100C4166F /* Sources */ = {
			isa = PBXSourcesBuildPhase;
			buildActionMask = 2147483647;
			files = (
				5E072E681EEE50A100C4166F /* ViewController.swift in Sources */,
				5E072E971EEE50ED00C4166F /* Singleton.swift in Sources */,
				5E072E661EEE50A100C4166F /* AppDelegate.swift in Sources */,
				5E072E6E1EEE50A100C4166F /* UserDefaults.xcdatamodeld in Sources */,
			);
			runOnlyForDeploymentPostprocessing = 0;
		};
		5E072E751EEE50A100C4166F /* Sources */ = {
			isa = PBXSourcesBuildPhase;
			buildActionMask = 2147483647;
			files = (
				5E072E7E1EEE50A100C4166F /* UserDefaultsTests.swift in Sources */,
			);
			runOnlyForDeploymentPostprocessing = 0;
		};
		5E072E801EEE50A100C4166F /* Sources */ = {
			isa = PBXSourcesBuildPhase;
			buildActionMask = 2147483647;
			files = (
				5E072E891EEE50A100C4166F /* UserDefaultsUITests.swift in Sources */,
			);
			runOnlyForDeploymentPostprocessing = 0;
		};
/* End PBXSourcesBuildPhase section */

/* Begin PBXTargetDependency section */
		5E072E7B1EEE50A100C4166F /* PBXTargetDependency */ = {
			isa = PBXTargetDependency;
			target = 5E072E611EEE50A100C4166F /* UserDefaults */;
			targetProxy = 5E072E7A1EEE50A100C4166F /* PBXContainerItemProxy */;
		};
		5E072E861EEE50A100C4166F /* PBXTargetDependency */ = {
			isa = PBXTargetDependency;
			target = 5E072E611EEE50A100C4166F /* UserDefaults */;
			targetProxy = 5E072E851EEE50A100C4166F /* PBXContainerItemProxy */;
		};
/* End PBXTargetDependency section */

/* Begin PBXVariantGroup section */
		5E072E691EEE50A100C4166F /* Main.storyboard */ = {
			isa = PBXVariantGroup;
			children = (
				5E072E6A1EEE50A100C4166F /* Base */,
			);
			name = Main.storyboard;
			sourceTree = "<group>";
		};
		5E072E711EEE50A100C4166F /* LaunchScreen.storyboard */ = {
			isa = PBXVariantGroup;
			children = (
				5E072E721EEE50A100C4166F /* Base */,
			);
			name = LaunchScreen.storyboard;
			sourceTree = "<group>";
		};
/* End PBXVariantGroup section */

/* Begin XCBuildConfiguration section */
		5E072E8B1EEE50A100C4166F /* Debug */ = {
			isa = XCBuildConfiguration;
			buildSettings = {
				ALWAYS_SEARCH_USER_PATHS = NO;
				CLANG_ANALYZER_NONNULL = YES;
				CLANG_ANALYZER_NUMBER_OBJECT_CONVERSION = YES_AGGRESSIVE;
				CLANG_CXX_LANGUAGE_STANDARD = "gnu++0x";
				CLANG_CXX_LIBRARY = "libc++";
				CLANG_ENABLE_MODULES = YES;
				CLANG_ENABLE_OBJC_ARC = YES;
				CLANG_WARN_BOOL_CONVERSION = YES;
				CLANG_WARN_CONSTANT_CONVERSION = YES;
				CLANG_WARN_DIRECT_OBJC_ISA_USAGE = YES_ERROR;
				CLANG_WARN_DOCUMENTATION_COMMENTS = YES;
				CLANG_WARN_EMPTY_BODY = YES;
				CLANG_WARN_ENUM_CONVERSION = YES;
				CLANG_WARN_INFINITE_RECURSION = YES;
				CLANG_WARN_INT_CONVERSION = YES;
				CLANG_WARN_OBJC_ROOT_CLASS = YES_ERROR;
				CLANG_WARN_SUSPICIOUS_MOVE = YES;
				CLANG_WARN_UNREACHABLE_CODE = YES;
				CLANG_WARN__DUPLICATE_METHOD_MATCH = YES;
				"CODE_SIGN_IDENTITY[sdk=iphoneos*]" = "iPhone Developer";
				COPY_PHASE_STRIP = NO;
				DEBUG_INFORMATION_FORMAT = dwarf;
				ENABLE_STRICT_OBJC_MSGSEND = YES;
				ENABLE_TESTABILITY = YES;
				GCC_C_LANGUAGE_STANDARD = gnu99;
				GCC_DYNAMIC_NO_PIC = NO;
				GCC_NO_COMMON_BLOCKS = YES;
				GCC_OPTIMIZATION_LEVEL = 0;
				GCC_PREPROCESSOR_DEFINITIONS = (
					"DEBUG=1",
					"$(inherited)",
				);
				GCC_WARN_64_TO_32_BIT_CONVERSION = YES;
				GCC_WARN_ABOUT_RETURN_TYPE = YES_ERROR;
				GCC_WARN_UNDECLARED_SELECTOR = YES;
				GCC_WARN_UNINITIALIZED_AUTOS = YES_AGGRESSIVE;
				GCC_WARN_UNUSED_FUNCTION = YES;
				GCC_WARN_UNUSED_VARIABLE = YES;
				IPHONEOS_DEPLOYMENT_TARGET = 10.3;
				MTL_ENABLE_DEBUG_INFO = YES;
				ONLY_ACTIVE_ARCH = YES;
				SDKROOT = iphoneos;
				SWIFT_ACTIVE_COMPILATION_CONDITIONS = DEBUG;
				SWIFT_OPTIMIZATION_LEVEL = "-Onone";
				TARGETED_DEVICE_FAMILY = "1,2";
			};
			name = Debug;
		};
		5E072E8C1EEE50A100C4166F /* Release */ = {
			isa = XCBuildConfiguration;
			buildSettings = {
				ALWAYS_SEARCH_USER_PATHS = NO;
				CLANG_ANALYZER_NONNULL = YES;
				CLANG_ANALYZER_NUMBER_OBJECT_CONVERSION = YES_AGGRESSIVE;
				CLANG_CXX_LANGUAGE_STANDARD = "gnu++0x";
				CLANG_CXX_LIBRARY = "libc++";
				CLANG_ENABLE_MODULES = YES;
				CLANG_ENABLE_OBJC_ARC = YES;
				CLANG_WARN_BOOL_CONVERSION = YES;
				CLANG_WARN_CONSTANT_CONVERSION = YES;
				CLANG_WARN_DIRECT_OBJC_ISA_USAGE = YES_ERROR;
				CLANG_WARN_DOCUMENTATION_COMMENTS = YES;
				CLANG_WARN_EMPTY_BODY = YES;
				CLANG_WARN_ENUM_CONVERSION = YES;
				CLANG_WARN_INFINITE_RECURSION = YES;
				CLANG_WARN_INT_CONVERSION = YES;
				CLANG_WARN_OBJC_ROOT_CLASS = YES_ERROR;
				CLANG_WARN_SUSPICIOUS_MOVE = YES;
				CLANG_WARN_UNREACHABLE_CODE = YES;
				CLANG_WARN__DUPLICATE_METHOD_MATCH = YES;
				"CODE_SIGN_IDENTITY[sdk=iphoneos*]" = "iPhone Developer";
				COPY_PHASE_STRIP = NO;
				DEBUG_INFORMATION_FORMAT = "dwarf-with-dsym";
				ENABLE_NS_ASSERTIONS = NO;
				ENABLE_STRICT_OBJC_MSGSEND = YES;
				GCC_C_LANGUAGE_STANDARD = gnu99;
				GCC_NO_COMMON_BLOCKS = YES;
				GCC_WARN_64_TO_32_BIT_CONVERSION = YES;
				GCC_WARN_ABOUT_RETURN_TYPE = YES_ERROR;
				GCC_WARN_UNDECLARED_SELECTOR = YES;
				GCC_WARN_UNINITIALIZED_AUTOS = YES_AGGRESSIVE;
				GCC_WARN_UNUSED_FUNCTION = YES;
				GCC_WARN_UNUSED_VARIABLE = YES;
				IPHONEOS_DEPLOYMENT_TARGET = 10.3;
				MTL_ENABLE_DEBUG_INFO = NO;
				SDKROOT = iphoneos;
				SWIFT_OPTIMIZATION_LEVEL = "-Owholemodule";
				TARGETED_DEVICE_FAMILY = "1,2";
				VALIDATE_PRODUCT = YES;
			};
			name = Release;
		};
		5E072E8E1EEE50A100C4166F /* Debug */ = {
			isa = XCBuildConfiguration;
			buildSettings = {
				ASSETCATALOG_COMPILER_APPICON_NAME = AppIcon;
				DEVELOPMENT_TEAM = 3Y97H6LP36;
				INFOPLIST_FILE = UserDefaults/Info.plist;
				LD_RUNPATH_SEARCH_PATHS = "$(inherited) @executable_path/Frameworks";
				PRODUCT_BUNDLE_IDENTIFIER = Kenes.UserDefaults;
				PRODUCT_NAME = "$(TARGET_NAME)";
				SWIFT_VERSION = 3.0;
			};
			name = Debug;
		};
		5E072E8F1EEE50A100C4166F /* Release */ = {
			isa = XCBuildConfiguration;
			buildSettings = {
				ASSETCATALOG_COMPILER_APPICON_NAME = AppIcon;
				DEVELOPMENT_TEAM = 3Y97H6LP36;
				INFOPLIST_FILE = UserDefaults/Info.plist;
				LD_RUNPATH_SEARCH_PATHS = "$(inherited) @executable_path/Frameworks";
				PRODUCT_BUNDLE_IDENTIFIER = Kenes.UserDefaults;
				PRODUCT_NAME = "$(TARGET_NAME)";
				SWIFT_VERSION = 3.0;
			};
			name = Release;
		};
		5E072E911EEE50A100C4166F /* Debug */ = {
			isa = XCBuildConfiguration;
			buildSettings = {
				ALWAYS_EMBED_SWIFT_STANDARD_LIBRARIES = YES;
				BUNDLE_LOADER = "$(TEST_HOST)";
				DEVELOPMENT_TEAM = 3Y97H6LP36;
				INFOPLIST_FILE = UserDefaultsTests/Info.plist;
				LD_RUNPATH_SEARCH_PATHS = "$(inherited) @executable_path/Frameworks @loader_path/Frameworks";
				PRODUCT_BUNDLE_IDENTIFIER = Kenes.UserDefaultsTests;
				PRODUCT_NAME = "$(TARGET_NAME)";
				SWIFT_VERSION = 3.0;
				TEST_HOST = "$(BUILT_PRODUCTS_DIR)/UserDefaults.app/UserDefaults";
			};
			name = Debug;
		};
		5E072E921EEE50A100C4166F /* Release */ = {
			isa = XCBuildConfiguration;
			buildSettings = {
				ALWAYS_EMBED_SWIFT_STANDARD_LIBRARIES = YES;
				BUNDLE_LOADER = "$(TEST_HOST)";
				DEVELOPMENT_TEAM = 3Y97H6LP36;
				INFOPLIST_FILE = UserDefaultsTests/Info.plist;
				LD_RUNPATH_SEARCH_PATHS = "$(inherited) @executable_path/Frameworks @loader_path/Frameworks";
				PRODUCT_BUNDLE_IDENTIFIER = Kenes.UserDefaultsTests;
				PRODUCT_NAME = "$(TARGET_NAME)";
				SWIFT_VERSION = 3.0;
				TEST_HOST = "$(BUILT_PRODUCTS_DIR)/UserDefaults.app/UserDefaults";
			};
			name = Release;
		};
		5E072E941EEE50A100C4166F /* Debug */ = {
			isa = XCBuildConfiguration;
			buildSettings = {
				ALWAYS_EMBED_SWIFT_STANDARD_LIBRARIES = YES;
				DEVELOPMENT_TEAM = 3Y97H6LP36;
				INFOPLIST_FILE = UserDefaultsUITests/Info.plist;
				LD_RUNPATH_SEARCH_PATHS = "$(inherited) @executable_path/Frameworks @loader_path/Frameworks";
				PRODUCT_BUNDLE_IDENTIFIER = Kenes.UserDefaultsUITests;
				PRODUCT_NAME = "$(TARGET_NAME)";
				SWIFT_VERSION = 3.0;
				TEST_TARGET_NAME = UserDefaults;
			};
			name = Debug;
		};
		5E072E951EEE50A100C4166F /* Release */ = {
			isa = XCBuildConfiguration;
			buildSettings = {
				ALWAYS_EMBED_SWIFT_STANDARD_LIBRARIES = YES;
				DEVELOPMENT_TEAM = 3Y97H6LP36;
				INFOPLIST_FILE = UserDefaultsUITests/Info.plist;
				LD_RUNPATH_SEARCH_PATHS = "$(inherited) @executable_path/Frameworks @loader_path/Frameworks";
				PRODUCT_BUNDLE_IDENTIFIER = Kenes.UserDefaultsUITests;
				PRODUCT_NAME = "$(TARGET_NAME)";
				SWIFT_VERSION = 3.0;
				TEST_TARGET_NAME = UserDefaults;
			};
			name = Release;
		};
/* End XCBuildConfiguration section */

/* Begin XCConfigurationList section */
		5E072E5D1EEE50A100C4166F /* Build configuration list for PBXProject "UserDefaults" */ = {
			isa = XCConfigurationList;
			buildConfigurations = (
				5E072E8B1EEE50A100C4166F /* Debug */,
				5E072E8C1EEE50A100C4166F /* Release */,
			);
			defaultConfigurationIsVisible = 0;
			defaultConfigurationName = Release;
		};
		5E072E8D1EEE50A100C4166F /* Build configuration list for PBXNativeTarget "UserDefaults" */ = {
			isa = XCConfigurationList;
			buildConfigurations = (
				5E072E8E1EEE50A100C4166F /* Debug */,
				5E072E8F1EEE50A100C4166F /* Release */,
			);
			defaultConfigurationIsVisible = 0;
		};
		5E072E901EEE50A100C4166F /* Build configuration list for PBXNativeTarget "UserDefaultsTests" */ = {
			isa = XCConfigurationList;
			buildConfigurations = (
				5E072E911EEE50A100C4166F /* Debug */,
				5E072E921EEE50A100C4166F /* Release */,
			);
			defaultConfigurationIsVisible = 0;
		};
		5E072E931EEE50A100C4166F /* Build configuration list for PBXNativeTarget "UserDefaultsUITests" */ = {
			isa = XCConfigurationList;
			buildConfigurations = (
				5E072E941EEE50A100C4166F /* Debug */,
				5E072E951EEE50A100C4166F /* Release */,
			);
			defaultConfigurationIsVisible = 0;
		};
/* End XCConfigurationList section */

/* Begin XCVersionGroup section */
		5E072E6C1EEE50A100C4166F /* UserDefaults.xcdatamodeld */ = {
			isa = XCVersionGroup;
			children = (
				5E072E6D1EEE50A100C4166F /* UserDefaults.xcdatamodel */,
			);
			currentVersion = 5E072E6D1EEE50A100C4166F /* UserDefaults.xcdatamodel */;
			path = UserDefaults.xcdatamodeld;
			sourceTree = "<group>";
			versionGroupType = wrapper.xcdatamodel;
		};
/* End XCVersionGroup section */
	};
	rootObject = 5E072E5A1EEE50A100C4166F /* Project object */;
}
