// !$*UTF8*$!
{
	archiveVersion = 1;
	classes = {
	};
	objectVersion = 50;
	objects = {

/* Begin PBXBuildFile section */
		52ECA49620EB45E500F68CBD /* AppDelegate.swift in Sources */ = {isa = PBXBuildFile; fileRef = 52ECA49520EB45E500F68CBD /* AppDelegate.swift */; };
		52ECA49820EB45E500F68CBD /* ViewController.swift in Sources */ = {isa = PBXBuildFile; fileRef = 52ECA49720EB45E500F68CBD /* ViewController.swift */; };
		52ECA49B20EB45E500F68CBD /* Main.storyboard in Resources */ = {isa = PBXBuildFile; fileRef = 52ECA49920EB45E500F68CBD /* Main.storyboard */; };
		52ECA49D20EB45E700F68CBD /* Assets.xcassets in Resources */ = {isa = PBXBuildFile; fileRef = 52ECA49C20EB45E700F68CBD /* Assets.xcassets */; };
		52ECA4A020EB45E700F68CBD /* LaunchScreen.storyboard in Resources */ = {isa = PBXBuildFile; fileRef = 52ECA49E20EB45E700F68CBD /* LaunchScreen.storyboard */; };
		52ECA4AC20EB4E1900F68CBD /* CollectionViewController.swift in Sources */ = {isa = PBXBuildFile; fileRef = 52ECA4AB20EB4E1900F68CBD /* CollectionViewController.swift */; };
		52ECA4AE20EB7DA900F68CBD /* CollectionViewCell.swift in Sources */ = {isa = PBXBuildFile; fileRef = 52ECA4AD20EB7DA800F68CBD /* CollectionViewCell.swift */; };
		9426F5FF0FACF30A21CA2693 /* Pods_suretGram.framework in Frameworks */ = {isa = PBXBuildFile; fileRef = 9C1E046D7E45D14B65704A39 /* Pods_suretGram.framework */; };
/* End PBXBuildFile section */

/* Begin PBXFileReference section */
		52ECA49220EB45E500F68CBD /* suretGram.app */ = {isa = PBXFileReference; explicitFileType = wrapper.application; includeInIndex = 0; path = suretGram.app; sourceTree = BUILT_PRODUCTS_DIR; };
		52ECA49520EB45E500F68CBD /* AppDelegate.swift */ = {isa = PBXFileReference; lastKnownFileType = sourcecode.swift; path = AppDelegate.swift; sourceTree = "<group>"; };
		52ECA49720EB45E500F68CBD /* ViewController.swift */ = {isa = PBXFileReference; lastKnownFileType = sourcecode.swift; path = ViewController.swift; sourceTree = "<group>"; };
		52ECA49A20EB45E500F68CBD /* Base */ = {isa = PBXFileReference; lastKnownFileType = file.storyboard; name = Base; path = Base.lproj/Main.storyboard; sourceTree = "<group>"; };
		52ECA49C20EB45E700F68CBD /* Assets.xcassets */ = {isa = PBXFileReference; lastKnownFileType = folder.assetcatalog; path = Assets.xcassets; sourceTree = "<group>"; };
		52ECA49F20EB45E700F68CBD /* Base */ = {isa = PBXFileReference; lastKnownFileType = file.storyboard; name = Base; path = Base.lproj/LaunchScreen.storyboard; sourceTree = "<group>"; };
		52ECA4A120EB45E700F68CBD /* Info.plist */ = {isa = PBXFileReference; lastKnownFileType = text.plist.xml; path = Info.plist; sourceTree = "<group>"; };
		52ECA4AB20EB4E1900F68CBD /* CollectionViewController.swift */ = {isa = PBXFileReference; lastKnownFileType = sourcecode.swift; path = CollectionViewController.swift; sourceTree = "<group>"; };
		52ECA4AD20EB7DA800F68CBD /* CollectionViewCell.swift */ = {isa = PBXFileReference; lastKnownFileType = sourcecode.swift; path = CollectionViewCell.swift; sourceTree = "<group>"; };
		69448ADDDDC629129CAF80D1 /* Pods-suretGram.debug.xcconfig */ = {isa = PBXFileReference; includeInIndex = 1; lastKnownFileType = text.xcconfig; name = "Pods-suretGram.debug.xcconfig"; path = "Pods/Target Support Files/Pods-suretGram/Pods-suretGram.debug.xcconfig"; sourceTree = "<group>"; };
		9C1E046D7E45D14B65704A39 /* Pods_suretGram.framework */ = {isa = PBXFileReference; explicitFileType = wrapper.framework; includeInIndex = 0; path = Pods_suretGram.framework; sourceTree = BUILT_PRODUCTS_DIR; };
		B038BF95821E2475FA9F1766 /* Pods-suretGram.release.xcconfig */ = {isa = PBXFileReference; includeInIndex = 1; lastKnownFileType = text.xcconfig; name = "Pods-suretGram.release.xcconfig"; path = "Pods/Target Support Files/Pods-suretGram/Pods-suretGram.release.xcconfig"; sourceTree = "<group>"; };
/* End PBXFileReference section */

/* Begin PBXFrameworksBuildPhase section */
		52ECA48F20EB45E500F68CBD /* Frameworks */ = {
			isa = PBXFrameworksBuildPhase;
			buildActionMask = 2147483647;
			files = (
				9426F5FF0FACF30A21CA2693 /* Pods_suretGram.framework in Frameworks */,
			);
			runOnlyForDeploymentPostprocessing = 0;
		};
/* End PBXFrameworksBuildPhase section */

/* Begin PBXGroup section */
		339DF34AAA1087EC51B89553 /* Frameworks */ = {
			isa = PBXGroup;
			children = (
				9C1E046D7E45D14B65704A39 /* Pods_suretGram.framework */,
			);
			name = Frameworks;
			sourceTree = "<group>";
		};
		52ECA48920EB45E500F68CBD = {
			isa = PBXGroup;
			children = (
				52ECA49420EB45E500F68CBD /* suretGram */,
				52ECA49320EB45E500F68CBD /* Products */,
				5FF2A141D79FF7E63056272C /* Pods */,
				339DF34AAA1087EC51B89553 /* Frameworks */,
			);
			sourceTree = "<group>";
		};
		52ECA49320EB45E500F68CBD /* Products */ = {
			isa = PBXGroup;
			children = (
				52ECA49220EB45E500F68CBD /* suretGram.app */,
			);
			name = Products;
			sourceTree = "<group>";
		};
		52ECA49420EB45E500F68CBD /* suretGram */ = {
			isa = PBXGroup;
			children = (
				52ECA49520EB45E500F68CBD /* AppDelegate.swift */,
				52ECA49720EB45E500F68CBD /* ViewController.swift */,
				52ECA49920EB45E500F68CBD /* Main.storyboard */,
				52ECA49C20EB45E700F68CBD /* Assets.xcassets */,
				52ECA49E20EB45E700F68CBD /* LaunchScreen.storyboard */,
				52ECA4A120EB45E700F68CBD /* Info.plist */,
				52ECA4AB20EB4E1900F68CBD /* CollectionViewController.swift */,
				52ECA4AD20EB7DA800F68CBD /* CollectionViewCell.swift */,
			);
			path = suretGram;
			sourceTree = "<group>";
		};
		5FF2A141D79FF7E63056272C /* Pods */ = {
			isa = PBXGroup;
			children = (
				69448ADDDDC629129CAF80D1 /* Pods-suretGram.debug.xcconfig */,
				B038BF95821E2475FA9F1766 /* Pods-suretGram.release.xcconfig */,
			);
			name = Pods;
			sourceTree = "<group>";
		};
/* End PBXGroup section */

/* Begin PBXNativeTarget section */
		52ECA49120EB45E500F68CBD /* suretGram */ = {
			isa = PBXNativeTarget;
			buildConfigurationList = 52ECA4A420EB45E700F68CBD /* Build configuration list for PBXNativeTarget "suretGram" */;
			buildPhases = (
				59666E618505E625C06E3716 /* [CP] Check Pods Manifest.lock */,
				52ECA48E20EB45E500F68CBD /* Sources */,
				52ECA48F20EB45E500F68CBD /* Frameworks */,
				52ECA49020EB45E500F68CBD /* Resources */,
				E7A1E420345F42AE191C1A89 /* [CP] Embed Pods Frameworks */,
			);
			buildRules = (
			);
			dependencies = (
			);
			name = suretGram;
			productName = suretGram;
			productReference = 52ECA49220EB45E500F68CBD /* suretGram.app */;
			productType = "com.apple.product-type.application";
		};
/* End PBXNativeTarget section */

/* Begin PBXProject section */
		52ECA48A20EB45E500F68CBD /* Project object */ = {
			isa = PBXProject;
			attributes = {
				LastSwiftUpdateCheck = 0940;
				LastUpgradeCheck = 0940;
				ORGANIZATIONNAME = Test;
				TargetAttributes = {
					52ECA49120EB45E500F68CBD = {
						CreatedOnToolsVersion = 9.4.1;
					};
				};
			};
			buildConfigurationList = 52ECA48D20EB45E500F68CBD /* Build configuration list for PBXProject "suretGram" */;
			compatibilityVersion = "Xcode 9.3";
			developmentRegion = en;
			hasScannedForEncodings = 0;
			knownRegions = (
				en,
				Base,
			);
			mainGroup = 52ECA48920EB45E500F68CBD;
			productRefGroup = 52ECA49320EB45E500F68CBD /* Products */;
			projectDirPath = "";
			projectRoot = "";
			targets = (
				52ECA49120EB45E500F68CBD /* suretGram */,
			);
		};
/* End PBXProject section */

/* Begin PBXResourcesBuildPhase section */
		52ECA49020EB45E500F68CBD /* Resources */ = {
			isa = PBXResourcesBuildPhase;
			buildActionMask = 2147483647;
			files = (
				52ECA4A020EB45E700F68CBD /* LaunchScreen.storyboard in Resources */,
				52ECA49D20EB45E700F68CBD /* Assets.xcassets in Resources */,
				52ECA49B20EB45E500F68CBD /* Main.storyboard in Resources */,
			);
			runOnlyForDeploymentPostprocessing = 0;
		};
/* End PBXResourcesBuildPhase section */

/* Begin PBXShellScriptBuildPhase section */
		59666E618505E625C06E3716 /* [CP] Check Pods Manifest.lock */ = {
			isa = PBXShellScriptBuildPhase;
			buildActionMask = 2147483647;
			files = (
			);
			inputPaths = (
				"${PODS_PODFILE_DIR_PATH}/Podfile.lock",
				"${PODS_ROOT}/Manifest.lock",
			);
			name = "[CP] Check Pods Manifest.lock";
			outputPaths = (
				"$(DERIVED_FILE_DIR)/Pods-suretGram-checkManifestLockResult.txt",
			);
			runOnlyForDeploymentPostprocessing = 0;
			shellPath = /bin/sh;
			shellScript = "diff \"${PODS_PODFILE_DIR_PATH}/Podfile.lock\" \"${PODS_ROOT}/Manifest.lock\" > /dev/null\nif [ $? != 0 ] ; then\n    # print error to STDERR\n    echo \"error: The sandbox is not in sync with the Podfile.lock. Run 'pod install' or update your CocoaPods installation.\" >&2\n    exit 1\nfi\n# This output is used by Xcode 'outputs' to avoid re-running this script phase.\necho \"SUCCESS\" > \"${SCRIPT_OUTPUT_FILE_0}\"\n";
			showEnvVarsInLog = 0;
		};
		E7A1E420345F42AE191C1A89 /* [CP] Embed Pods Frameworks */ = {
			isa = PBXShellScriptBuildPhase;
			buildActionMask = 2147483647;
			files = (
			);
			inputPaths = (
				"${SRCROOT}/Pods/Target Support Files/Pods-suretGram/Pods-suretGram-frameworks.sh",
				"${BUILT_PRODUCTS_DIR}/Alamofire/Alamofire.framework",
				"${BUILT_PRODUCTS_DIR}/Kingfisher/Kingfisher.framework",
				"${BUILT_PRODUCTS_DIR}/SwiftyJSON/SwiftyJSON.framework",
			);
			name = "[CP] Embed Pods Frameworks";
			outputPaths = (
				"${TARGET_BUILD_DIR}/${FRAMEWORKS_FOLDER_PATH}/Alamofire.framework",
				"${TARGET_BUILD_DIR}/${FRAMEWORKS_FOLDER_PATH}/Kingfisher.framework",
				"${TARGET_BUILD_DIR}/${FRAMEWORKS_FOLDER_PATH}/SwiftyJSON.framework",
			);
			runOnlyForDeploymentPostprocessing = 0;
			shellPath = /bin/sh;
			shellScript = "\"${SRCROOT}/Pods/Target Support Files/Pods-suretGram/Pods-suretGram-frameworks.sh\"\n";
			showEnvVarsInLog = 0;
		};
/* End PBXShellScriptBuildPhase section */

/* Begin PBXSourcesBuildPhase section */
		52ECA48E20EB45E500F68CBD /* Sources */ = {
			isa = PBXSourcesBuildPhase;
			buildActionMask = 2147483647;
			files = (
				52ECA4AC20EB4E1900F68CBD /* CollectionViewController.swift in Sources */,
				52ECA49820EB45E500F68CBD /* ViewController.swift in Sources */,
				52ECA4AE20EB7DA900F68CBD /* CollectionViewCell.swift in Sources */,
				52ECA49620EB45E500F68CBD /* AppDelegate.swift in Sources */,
			);
			runOnlyForDeploymentPostprocessing = 0;
		};
/* End PBXSourcesBuildPhase section */

/* Begin PBXVariantGroup section */
		52ECA49920EB45E500F68CBD /* Main.storyboard */ = {
			isa = PBXVariantGroup;
			children = (
				52ECA49A20EB45E500F68CBD /* Base */,
			);
			name = Main.storyboard;
			sourceTree = "<group>";
		};
		52ECA49E20EB45E700F68CBD /* LaunchScreen.storyboard */ = {
			isa = PBXVariantGroup;
			children = (
				52ECA49F20EB45E700F68CBD /* Base */,
			);
			name = LaunchScreen.storyboard;
			sourceTree = "<group>";
		};
/* End PBXVariantGroup section */

/* Begin XCBuildConfiguration section */
		52ECA4A220EB45E700F68CBD /* Debug */ = {
			isa = XCBuildConfiguration;
			buildSettings = {
				ALWAYS_SEARCH_USER_PATHS = NO;
				CLANG_ANALYZER_NONNULL = YES;
				CLANG_ANALYZER_NUMBER_OBJECT_CONVERSION = YES_AGGRESSIVE;
				CLANG_CXX_LANGUAGE_STANDARD = "gnu++14";
				CLANG_CXX_LIBRARY = "libc++";
				CLANG_ENABLE_MODULES = YES;
				CLANG_ENABLE_OBJC_ARC = YES;
				CLANG_ENABLE_OBJC_WEAK = YES;
				CLANG_WARN_BLOCK_CAPTURE_AUTORELEASING = YES;
				CLANG_WARN_BOOL_CONVERSION = YES;
				CLANG_WARN_COMMA = YES;
				CLANG_WARN_CONSTANT_CONVERSION = YES;
				CLANG_WARN_DEPRECATED_OBJC_IMPLEMENTATIONS = YES;
				CLANG_WARN_DIRECT_OBJC_ISA_USAGE = YES_ERROR;
				CLANG_WARN_DOCUMENTATION_COMMENTS = YES;
				CLANG_WARN_EMPTY_BODY = YES;
				CLANG_WARN_ENUM_CONVERSION = YES;
				CLANG_WARN_INFINITE_RECURSION = YES;
				CLANG_WARN_INT_CONVERSION = YES;
				CLANG_WARN_NON_LITERAL_NULL_CONVERSION = YES;
				CLANG_WARN_OBJC_IMPLICIT_RETAIN_SELF = YES;
				CLANG_WARN_OBJC_LITERAL_CONVERSION = YES;
				CLANG_WARN_OBJC_ROOT_CLASS = YES_ERROR;
				CLANG_WARN_RANGE_LOOP_ANALYSIS = YES;
				CLANG_WARN_STRICT_PROTOTYPES = YES;
				CLANG_WARN_SUSPICIOUS_MOVE = YES;
				CLANG_WARN_UNGUARDED_AVAILABILITY = YES_AGGRESSIVE;
				CLANG_WARN_UNREACHABLE_CODE = YES;
				CLANG_WARN__DUPLICATE_METHOD_MATCH = YES;
				CODE_SIGN_IDENTITY = "iPhone Developer";
				COPY_PHASE_STRIP = NO;
				DEBUG_INFORMATION_FORMAT = dwarf;
				ENABLE_STRICT_OBJC_MSGSEND = YES;
				ENABLE_TESTABILITY = YES;
				GCC_C_LANGUAGE_STANDARD = gnu11;
				GCC_DYNAMIC_NO_PIC = NO;
				GCC_NO_COMMON_BLOCKS = YES;
				GCC_OPTIMIZATION_LEVEL = 0;
				GCC_PREPROCESSOR_DEFINITIONS = (
					"DEBUG=1",
					"$(inherited)",
				);
				GCC_WARN_64_TO_32_BIT_CONVERSION = YES;
				GCC_WARN_ABOUT_RETURN_TYPE = YES_ERROR;
				GCC_WARN_UNDECLARED_SELECTOR = YES;
				GCC_WARN_UNINITIALIZED_AUTOS = YES_AGGRESSIVE;
				GCC_WARN_UNUSED_FUNCTION = YES;
				GCC_WARN_UNUSED_VARIABLE = YES;
				IPHONEOS_DEPLOYMENT_TARGET = 11.4;
				MTL_ENABLE_DEBUG_INFO = YES;
				ONLY_ACTIVE_ARCH = YES;
				SDKROOT = iphoneos;
				SWIFT_ACTIVE_COMPILATION_CONDITIONS = DEBUG;
				SWIFT_OPTIMIZATION_LEVEL = "-Onone";
			};
			name = Debug;
		};
		52ECA4A320EB45E700F68CBD /* Release */ = {
			isa = XCBuildConfiguration;
			buildSettings = {
				ALWAYS_SEARCH_USER_PATHS = NO;
				CLANG_ANALYZER_NONNULL = YES;
				CLANG_ANALYZER_NUMBER_OBJECT_CONVERSION = YES_AGGRESSIVE;
				CLANG_CXX_LANGUAGE_STANDARD = "gnu++14";
				CLANG_CXX_LIBRARY = "libc++";
				CLANG_ENABLE_MODULES = YES;
				CLANG_ENABLE_OBJC_ARC = YES;
				CLANG_ENABLE_OBJC_WEAK = YES;
				CLANG_WARN_BLOCK_CAPTURE_AUTORELEASING = YES;
				CLANG_WARN_BOOL_CONVERSION = YES;
				CLANG_WARN_COMMA = YES;
				CLANG_WARN_CONSTANT_CONVERSION = YES;
				CLANG_WARN_DEPRECATED_OBJC_IMPLEMENTATIONS = YES;
				CLANG_WARN_DIRECT_OBJC_ISA_USAGE = YES_ERROR;
				CLANG_WARN_DOCUMENTATION_COMMENTS = YES;
				CLANG_WARN_EMPTY_BODY = YES;
				CLANG_WARN_ENUM_CONVERSION = YES;
				CLANG_WARN_INFINITE_RECURSION = YES;
				CLANG_WARN_INT_CONVERSION = YES;
				CLANG_WARN_NON_LITERAL_NULL_CONVERSION = YES;
				CLANG_WARN_OBJC_IMPLICIT_RETAIN_SELF = YES;
				CLANG_WARN_OBJC_LITERAL_CONVERSION = YES;
				CLANG_WARN_OBJC_ROOT_CLASS = YES_ERROR;
				CLANG_WARN_RANGE_LOOP_ANALYSIS = YES;
				CLANG_WARN_STRICT_PROTOTYPES = YES;
				CLANG_WARN_SUSPICIOUS_MOVE = YES;
				CLANG_WARN_UNGUARDED_AVAILABILITY = YES_AGGRESSIVE;
				CLANG_WARN_UNREACHABLE_CODE = YES;
				CLANG_WARN__DUPLICATE_METHOD_MATCH = YES;
				CODE_SIGN_IDENTITY = "iPhone Developer";
				COPY_PHASE_STRIP = NO;
				DEBUG_INFORMATION_FORMAT = "dwarf-with-dsym";
				ENABLE_NS_ASSERTIONS = NO;
				ENABLE_STRICT_OBJC_MSGSEND = YES;
				GCC_C_LANGUAGE_STANDARD = gnu11;
				GCC_NO_COMMON_BLOCKS = YES;
				GCC_WARN_64_TO_32_BIT_CONVERSION = YES;
				GCC_WARN_ABOUT_RETURN_TYPE = YES_ERROR;
				GCC_WARN_UNDECLARED_SELECTOR = YES;
				GCC_WARN_UNINITIALIZED_AUTOS = YES_AGGRESSIVE;
				GCC_WARN_UNUSED_FUNCTION = YES;
				GCC_WARN_UNUSED_VARIABLE = YES;
				IPHONEOS_DEPLOYMENT_TARGET = 11.4;
				MTL_ENABLE_DEBUG_INFO = NO;
				SDKROOT = iphoneos;
				SWIFT_COMPILATION_MODE = wholemodule;
				SWIFT_OPTIMIZATION_LEVEL = "-O";
				VALIDATE_PRODUCT = YES;
			};
			name = Release;
		};
		52ECA4A520EB45E700F68CBD /* Debug */ = {
			isa = XCBuildConfiguration;
			baseConfigurationReference = 69448ADDDDC629129CAF80D1 /* Pods-suretGram.debug.xcconfig */;
			buildSettings = {
				ASSETCATALOG_COMPILER_APPICON_NAME = AppIcon;
				CODE_SIGN_STYLE = Automatic;
				INFOPLIST_FILE = suretGram/Info.plist;
				LD_RUNPATH_SEARCH_PATHS = (
					"$(inherited)",
					"@executable_path/Frameworks",
				);
				PRODUCT_BUNDLE_IDENTIFIER = Shynar.suretGram;
				PRODUCT_NAME = "$(TARGET_NAME)";
				SWIFT_VERSION = 4.0;
				TARGETED_DEVICE_FAMILY = "1,2";
			};
			name = Debug;
		};
		52ECA4A620EB45E700F68CBD /* Release */ = {
			isa = XCBuildConfiguration;
			baseConfigurationReference = B038BF95821E2475FA9F1766 /* Pods-suretGram.release.xcconfig */;
			buildSettings = {
				ASSETCATALOG_COMPILER_APPICON_NAME = AppIcon;
				CODE_SIGN_STYLE = Automatic;
				INFOPLIST_FILE = suretGram/Info.plist;
				LD_RUNPATH_SEARCH_PATHS = (
					"$(inherited)",
					"@executable_path/Frameworks",
				);
				PRODUCT_BUNDLE_IDENTIFIER = Shynar.suretGram;
				PRODUCT_NAME = "$(TARGET_NAME)";
				SWIFT_VERSION = 4.0;
				TARGETED_DEVICE_FAMILY = "1,2";
			};
			name = Release;
		};
/* End XCBuildConfiguration section */

/* Begin XCConfigurationList section */
		52ECA48D20EB45E500F68CBD /* Build configuration list for PBXProject "suretGram" */ = {
			isa = XCConfigurationList;
			buildConfigurations = (
				52ECA4A220EB45E700F68CBD /* Debug */,
				52ECA4A320EB45E700F68CBD /* Release */,
			);
			defaultConfigurationIsVisible = 0;
			defaultConfigurationName = Release;
		};
		52ECA4A420EB45E700F68CBD /* Build configuration list for PBXNativeTarget "suretGram" */ = {
			isa = XCConfigurationList;
			buildConfigurations = (
				52ECA4A520EB45E700F68CBD /* Debug */,
				52ECA4A620EB45E700F68CBD /* Release */,
			);
			defaultConfigurationIsVisible = 0;
			defaultConfigurationName = Release;
		};
/* End XCConfigurationList section */
	};
	rootObject = 52ECA48A20EB45E500F68CBD /* Project object */;
}
